// !$*UTF8*$!
{
	archiveVersion = 1;
	classes = {
	};
	objectVersion = 46;
	objects = {

/* Begin PBXBuildFile section */
		3CE229481A43ADA0008E08C1 /* main.m in Sources */ = {isa = PBXBuildFile; fileRef = 3CE229471A43ADA0008E08C1 /* main.m */; };
		3CE2294B1A43ADA0008E08C1 /* AppDelegate.m in Sources */ = {isa = PBXBuildFile; fileRef = 3CE2294A1A43ADA0008E08C1 /* AppDelegate.m */; };
		3CE2294E1A43ADA0008E08C1 /* ViewController.m in Sources */ = {isa = PBXBuildFile; fileRef = 3CE2294D1A43ADA0008E08C1 /* ViewController.m */; };
		3CE229511A43ADA0008E08C1 /* Main.storyboard in Resources */ = {isa = PBXBuildFile; fileRef = 3CE2294F1A43ADA0008E08C1 /* Main.storyboard */; };
		3CE229531A43ADA0008E08C1 /* Images.xcassets in Resources */ = {isa = PBXBuildFile; fileRef = 3CE229521A43ADA0008E08C1 /* Images.xcassets */; };
		3CE229561A43ADA0008E08C1 /* LaunchScreen.xib in Resources */ = {isa = PBXBuildFile; fileRef = 3CE229541A43ADA0008E08C1 /* LaunchScreen.xib */; };
		3CE229621A43ADA0008E08C1 /* MarcoPolloTests.m in Sources */ = {isa = PBXBuildFile; fileRef = 3CE229611A43ADA0008E08C1 /* MarcoPolloTests.m */; };
/* End PBXBuildFile section */

/* Begin PBXContainerItemProxy section */
		3CE2295C1A43ADA0008E08C1 /* PBXContainerItemProxy */ = {
			isa = PBXContainerItemProxy;
			containerPortal = 3CE2293A1A43ADA0008E08C1 /* Project object */;
			proxyType = 1;
			remoteGlobalIDString = 3CE229411A43ADA0008E08C1;
			remoteInfo = MarcoPollo;
		};
/* End PBXContainerItemProxy section */

/* Begin PBXFileReference section */
		3CE229421A43ADA0008E08C1 /* MarcoPollo.app */ = {isa = PBXFileReference; explicitFileType = wrapper.application; includeInIndex = 0; path = MarcoPollo.app; sourceTree = BUILT_PRODUCTS_DIR; };
		3CE229461A43ADA0008E08C1 /* Info.plist */ = {isa = PBXFileReference; lastKnownFileType = text.plist.xml; path = Info.plist; sourceTree = "<group>"; };
		3CE229471A43ADA0008E08C1 /* main.m */ = {isa = PBXFileReference; lastKnownFileType = sourcecode.c.objc; path = main.m; sourceTree = "<group>"; };
		3CE229491A43ADA0008E08C1 /* AppDelegate.h */ = {isa = PBXFileReference; lastKnownFileType = sourcecode.c.h; path = AppDelegate.h; sourceTree = "<group>"; };
		3CE2294A1A43ADA0008E08C1 /* AppDelegate.m */ = {isa = PBXFileReference; lastKnownFileType = sourcecode.c.objc; path = AppDelegate.m; sourceTree = "<group>"; };
		3CE2294C1A43ADA0008E08C1 /* ViewController.h */ = {isa = PBXFileReference; lastKnownFileType = sourcecode.c.h; path = ViewController.h; sourceTree = "<group>"; };
		3CE2294D1A43ADA0008E08C1 /* ViewController.m */ = {isa = PBXFileReference; lastKnownFileType = sourcecode.c.objc; path = ViewController.m; sourceTree = "<group>"; };
		3CE229501A43ADA0008E08C1 /* Base */ = {isa = PBXFileReference; lastKnownFileType = file.storyboard; name = Base; path = Base.lproj/Main.storyboard; sourceTree = "<group>"; };
		3CE229521A43ADA0008E08C1 /* Images.xcassets */ = {isa = PBXFileReference; lastKnownFileType = folder.assetcatalog; path = Images.xcassets; sourceTree = "<group>"; };
		3CE229551A43ADA0008E08C1 /* Base */ = {isa = PBXFileReference; lastKnownFileType = file.xib; name = Base; path = Base.lproj/LaunchScreen.xib; sourceTree = "<group>"; };
		3CE2295B1A43ADA0008E08C1 /* MarcoPolloTests.xctest */ = {isa = PBXFileReference; explicitFileType = wrapper.cfbundle; includeInIndex = 0; path = MarcoPolloTests.xctest; sourceTree = BUILT_PRODUCTS_DIR; };
		3CE229601A43ADA0008E08C1 /* Info.plist */ = {isa = PBXFileReference; lastKnownFileType = text.plist.xml; path = Info.plist; sourceTree = "<group>"; };
		3CE229611A43ADA0008E08C1 /* MarcoPolloTests.m */ = {isa = PBXFileReference; lastKnownFileType = sourcecode.c.objc; path = MarcoPolloTests.m; sourceTree = "<group>"; };
/* End PBXFileReference section */

/* Begin PBXFrameworksBuildPhase section */
		3CE2293F1A43ADA0008E08C1 /* Frameworks */ = {
			isa = PBXFrameworksBuildPhase;
			buildActionMask = 2147483647;
			files = (
			);
			runOnlyForDeploymentPostprocessing = 0;
		};
		3CE229581A43ADA0008E08C1 /* Frameworks */ = {
			isa = PBXFrameworksBuildPhase;
			buildActionMask = 2147483647;
			files = (
			);
			runOnlyForDeploymentPostprocessing = 0;
		};
/* End PBXFrameworksBuildPhase section */

/* Begin PBXGroup section */
		3CE229391A43ADA0008E08C1 = {
			isa = PBXGroup;
			children = (
				3CE229441A43ADA0008E08C1 /* MarcoPollo */,
				3CE2295E1A43ADA0008E08C1 /* MarcoPolloTests */,
				3CE229431A43ADA0008E08C1 /* Products */,
			);
			sourceTree = "<group>";
		};
		3CE229431A43ADA0008E08C1 /* Products */ = {
			isa = PBXGroup;
			children = (
				3CE229421A43ADA0008E08C1 /* MarcoPollo.app */,
				3CE2295B1A43ADA0008E08C1 /* MarcoPolloTests.xctest */,
			);
			name = Products;
			sourceTree = "<group>";
		};
		3CE229441A43ADA0008E08C1 /* MarcoPollo */ = {
			isa = PBXGroup;
			children = (
				3CE229491A43ADA0008E08C1 /* AppDelegate.h */,
				3CE2294A1A43ADA0008E08C1 /* AppDelegate.m */,
				3CE2294C1A43ADA0008E08C1 /* ViewController.h */,
				3CE2294D1A43ADA0008E08C1 /* ViewController.m */,
				3CE2294F1A43ADA0008E08C1 /* Main.storyboard */,
				3CE229521A43ADA0008E08C1 /* Images.xcassets */,
				3CE229541A43ADA0008E08C1 /* LaunchScreen.xib */,
				3CE229451A43ADA0008E08C1 /* Supporting Files */,
			);
			path = MarcoPollo;
			sourceTree = "<group>";
		};
		3CE229451A43ADA0008E08C1 /* Supporting Files */ = {
			isa = PBXGroup;
			children = (
				3CE229461A43ADA0008E08C1 /* Info.plist */,
				3CE229471A43ADA0008E08C1 /* main.m */,
			);
			name = "Supporting Files";
			sourceTree = "<group>";
		};
		3CE2295E1A43ADA0008E08C1 /* MarcoPolloTests */ = {
			isa = PBXGroup;
			children = (
				3CE229611A43ADA0008E08C1 /* MarcoPolloTests.m */,
				3CE2295F1A43ADA0008E08C1 /* Supporting Files */,
			);
			path = MarcoPolloTests;
			sourceTree = "<group>";
		};
		3CE2295F1A43ADA0008E08C1 /* Supporting Files */ = {
			isa = PBXGroup;
			children = (
				3CE229601A43ADA0008E08C1 /* Info.plist */,
			);
			name = "Supporting Files";
			sourceTree = "<group>";
		};
/* End PBXGroup section */

/* Begin PBXNativeTarget section */
		3CE229411A43ADA0008E08C1 /* MarcoPollo */ = {
			isa = PBXNativeTarget;
			buildConfigurationList = 3CE229651A43ADA0008E08C1 /* Build configuration list for PBXNativeTarget "MarcoPollo" */;
			buildPhases = (
				3CE2293E1A43ADA0008E08C1 /* Sources */,
				3CE2293F1A43ADA0008E08C1 /* Frameworks */,
				3CE229401A43ADA0008E08C1 /* Resources */,
			);
			buildRules = (
			);
			dependencies = (
			);
			name = MarcoPollo;
			productName = MarcoPollo;
			productReference = 3CE229421A43ADA0008E08C1 /* MarcoPollo.app */;
			productType = "com.apple.product-type.application";
		};
		3CE2295A1A43ADA0008E08C1 /* MarcoPolloTests */ = {
			isa = PBXNativeTarget;
			buildConfigurationList = 3CE229681A43ADA0008E08C1 /* Build configuration list for PBXNativeTarget "MarcoPolloTests" */;
			buildPhases = (
				3CE229571A43ADA0008E08C1 /* Sources */,
				3CE229581A43ADA0008E08C1 /* Frameworks */,
				3CE229591A43ADA0008E08C1 /* Resources */,
			);
			buildRules = (
			);
			dependencies = (
				3CE2295D1A43ADA0008E08C1 /* PBXTargetDependency */,
			);
			name = MarcoPolloTests;
			productName = MarcoPolloTests;
			productReference = 3CE2295B1A43ADA0008E08C1 /* MarcoPolloTests.xctest */;
			productType = "com.apple.product-type.bundle.unit-test";
		};
/* End PBXNativeTarget section */

/* Begin PBXProject section */
		3CE2293A1A43ADA0008E08C1 /* Project object */ = {
			isa = PBXProject;
			attributes = {
				LastUpgradeCheck = 0610;
				ORGANIZATIONNAME = "Jungyoon Lee";
				TargetAttributes = {
					3CE229411A43ADA0008E08C1 = {
						CreatedOnToolsVersion = 6.1.1;
					};
					3CE2295A1A43ADA0008E08C1 = {
						CreatedOnToolsVersion = 6.1.1;
						TestTargetID = 3CE229411A43ADA0008E08C1;
					};
				};
			};
			buildConfigurationList = 3CE2293D1A43ADA0008E08C1 /* Build configuration list for PBXProject "MarcoPollo" */;
			compatibilityVersion = "Xcode 3.2";
			developmentRegion = English;
			hasScannedForEncodings = 0;
			knownRegions = (
				en,
				Base,
			);
			mainGroup = 3CE229391A43ADA0008E08C1;
			productRefGroup = 3CE229431A43ADA0008E08C1 /* Products */;
			projectDirPath = "";
			projectRoot = "";
			targets = (
				3CE229411A43ADA0008E08C1 /* MarcoPollo */,
				3CE2295A1A43ADA0008E08C1 /* MarcoPolloTests */,
			);
		};
/* End PBXProject section */

/* Begin PBXResourcesBuildPhase section */
		3CE229401A43ADA0008E08C1 /* Resources */ = {
			isa = PBXResourcesBuildPhase;
			buildActionMask = 2147483647;
			files = (
				3CE229511A43ADA0008E08C1 /* Main.storyboard in Resources */,
				3CE229561A43ADA0008E08C1 /* LaunchScreen.xib in Resources */,
				3CE229531A43ADA0008E08C1 /* Images.xcassets in Resources */,
			);
			runOnlyForDeploymentPostprocessing = 0;
		};
		3CE229591A43ADA0008E08C1 /* Resources */ = {
			isa = PBXResourcesBuildPhase;
			buildActionMask = 2147483647;
			files = (
			);
			runOnlyForDeploymentPostprocessing = 0;
		};
/* End PBXResourcesBuildPhase section */

/* Begin PBXSourcesBuildPhase section */
		3CE2293E1A43ADA0008E08C1 /* Sources */ = {
			isa = PBXSourcesBuildPhase;
			buildActionMask = 2147483647;
			files = (
				3CE2294E1A43ADA0008E08C1 /* ViewController.m in Sources */,
				3CE2294B1A43ADA0008E08C1 /* AppDelegate.m in Sources */,
				3CE229481A43ADA0008E08C1 /* main.m in Sources */,
			);
			runOnlyForDeploymentPostprocessing = 0;
		};
		3CE229571A43ADA0008E08C1 /* Sources */ = {
			isa = PBXSourcesBuildPhase;
			buildActionMask = 2147483647;
			files = (
				3CE229621A43ADA0008E08C1 /* MarcoPolloTests.m in Sources */,
			);
			runOnlyForDeploymentPostprocessing = 0;
		};
/* End PBXSourcesBuildPhase section */

/* Begin PBXTargetDependency section */
		3CE2295D1A43ADA0008E08C1 /* PBXTargetDependency */ = {
			isa = PBXTargetDependency;
			target = 3CE229411A43ADA0008E08C1 /* MarcoPollo */;
			targetProxy = 3CE2295C1A43ADA0008E08C1 /* PBXContainerItemProxy */;
		};
/* End PBXTargetDependency section */

/* Begin PBXVariantGroup section */
		3CE2294F1A43ADA0008E08C1 /* Main.storyboard */ = {
			isa = PBXVariantGroup;
			children = (
				3CE229501A43ADA0008E08C1 /* Base */,
			);
			name = Main.storyboard;
			sourceTree = "<group>";
		};
		3CE229541A43ADA0008E08C1 /* LaunchScreen.xib */ = {
			isa = PBXVariantGroup;
			children = (
				3CE229551A43ADA0008E08C1 /* Base */,
			);
			name = LaunchScreen.xib;
			sourceTree = "<group>";
		};
/* End PBXVariantGroup section */

/* Begin XCBuildConfiguration section */
		3CE229631A43ADA0008E08C1 /* Debug */ = {
			isa = XCBuildConfiguration;
			buildSettings = {
				ALWAYS_SEARCH_USER_PATHS = NO;
				CLANG_CXX_LANGUAGE_STANDARD = "gnu++0x";
				CLANG_CXX_LIBRARY = "libc++";
				CLANG_ENABLE_MODULES = YES;
				CLANG_ENABLE_OBJC_ARC = YES;
				CLANG_WARN_BOOL_CONVERSION = YES;
				CLANG_WARN_CONSTANT_CONVERSION = YES;
				CLANG_WARN_DIRECT_OBJC_ISA_USAGE = YES_ERROR;
				CLANG_WARN_EMPTY_BODY = YES;
				CLANG_WARN_ENUM_CONVERSION = YES;
				CLANG_WARN_INT_CONVERSION = YES;
				CLANG_WARN_OBJC_ROOT_CLASS = YES_ERROR;
				CLANG_WARN_UNREACHABLE_CODE = YES;
				CLANG_WARN__DUPLICATE_METHOD_MATCH = YES;
				"CODE_SIGN_IDENTITY[sdk=iphoneos*]" = "iPhone Developer";
				COPY_PHASE_STRIP = NO;
				ENABLE_STRICT_OBJC_MSGSEND = YES;
				GCC_C_LANGUAGE_STANDARD = gnu99;
				GCC_DYNAMIC_NO_PIC = NO;
				GCC_OPTIMIZATION_LEVEL = 0;
				GCC_PREPROCESSOR_DEFINITIONS = (
					"DEBUG=1",
					"$(inherited)",
				);
				GCC_SYMBOLS_PRIVATE_EXTERN = NO;
				GCC_WARN_64_TO_32_BIT_CONVERSION = YES;
				GCC_WARN_ABOUT_RETURN_TYPE = YES_ERROR;
				GCC_WARN_UNDECLARED_SELECTOR = YES;
				GCC_WARN_UNINITIALIZED_AUTOS = YES_AGGRESSIVE;
				GCC_WARN_UNUSED_FUNCTION = YES;
				GCC_WARN_UNUSED_VARIABLE = YES;
				IPHONEOS_DEPLOYMENT_TARGET = 8.1;
				MTL_ENABLE_DEBUG_INFO = YES;
				ONLY_ACTIVE_ARCH = YES;
				SDKROOT = iphoneos;
			};
			name = Debug;
		};
		3CE229641A43ADA0008E08C1 /* Release */ = {
			isa = XCBuildConfiguration;
			buildSettings = {
				ALWAYS_SEARCH_USER_PATHS = NO;
				CLANG_CXX_LANGUAGE_STANDARD = "gnu++0x";
				CLANG_CXX_LIBRARY = "libc++";
				CLANG_ENABLE_MODULES = YES;
				CLANG_ENABLE_OBJC_ARC = YES;
				CLANG_WARN_BOOL_CONVERSION = YES;
				CLANG_WARN_CONSTANT_CONVERSION = YES;
				CLANG_WARN_DIRECT_OBJC_ISA_USAGE = YES_ERROR;
				CLANG_WARN_EMPTY_BODY = YES;
				CLANG_WARN_ENUM_CONVERSION = YES;
				CLANG_WARN_INT_CONVERSION = YES;
				CLANG_WARN_OBJC_ROOT_CLASS = YES_ERROR;
				CLANG_WARN_UNREACHABLE_CODE = YES;
				CLANG_WARN__DUPLICATE_METHOD_MATCH = YES;
				"CODE_SIGN_IDENTITY[sdk=iphoneos*]" = "iPhone Developer";
				COPY_PHASE_STRIP = YES;
				ENABLE_NS_ASSERTIONS = NO;
				ENABLE_STRICT_OBJC_MSGSEND = YES;
				GCC_C_LANGUAGE_STANDARD = gnu99;
				GCC_WARN_64_TO_32_BIT_CONVERSION = YES;
				GCC_WARN_ABOUT_RETURN_TYPE = YES_ERROR;
				GCC_WARN_UNDECLARED_SELECTOR = YES;
				GCC_WARN_UNINITIALIZED_AUTOS = YES_AGGRESSIVE;
				GCC_WARN_UNUSED_FUNCTION = YES;
				GCC_WARN_UNUSED_VARIABLE = YES;
				IPHONEOS_DEPLOYMENT_TARGET = 8.1;
				MTL_ENABLE_DEBUG_INFO = NO;
				SDKROOT = iphoneos;
				VALIDATE_PRODUCT = YES;
			};
			name = Release;
		};
		3CE229661A43ADA0008E08C1 /* Debug */ = {
			isa = XCBuildConfiguration;
			buildSettings = {
				ASSETCATALOG_COMPILER_APPICON_NAME = AppIcon;
				INFOPLIST_FILE = MarcoPollo/Info.plist;
				LD_RUNPATH_SEARCH_PATHS = "$(inherited) @executable_path/Frameworks";
				PRODUCT_NAME = "$(TARGET_NAME)";
			};
			name = Debug;
		};
		3CE229671A43ADA0008E08C1 /* Release */ = {
			isa = XCBuildConfiguration;
			buildSettings = {
				ASSETCATALOG_COMPILER_APPICON_NAME = AppIcon;
				INFOPLIST_FILE = MarcoPollo/Info.plist;
				LD_RUNPATH_SEARCH_PATHS = "$(inherited) @executable_path/Frameworks";
				PRODUCT_NAME = "$(TARGET_NAME)";
			};
			name = Release;
		};
		3CE229691A43ADA0008E08C1 /* Debug */ = {
			isa = XCBuildConfiguration;
			buildSettings = {
				BUNDLE_LOADER = "$(TEST_HOST)";
				FRAMEWORK_SEARCH_PATHS = (
					"$(SDKROOT)/Developer/Library/Frameworks",
					"$(inherited)",
				);
				GCC_PREPROCESSOR_DEFINITIONS = (
					"DEBUG=1",
					"$(inherited)",
				);
				INFOPLIST_FILE = MarcoPolloTests/Info.plist;
				LD_RUNPATH_SEARCH_PATHS = "$(inherited) @executable_path/Frameworks @loader_path/Frameworks";
				PRODUCT_NAME = "$(TARGET_NAME)";
				TEST_HOST = "$(BUILT_PRODUCTS_DIR)/MarcoPollo.app/MarcoPollo";
			};
			name = Debug;
		};
		3CE2296A1A43ADA0008E08C1 /* Release */ = {
			isa = XCBuildConfiguration;
			buildSettings = {
				BUNDLE_LOADER = "$(TEST_HOST)";
				FRAMEWORK_SEARCH_PATHS = (
					"$(SDKROOT)/Developer/Library/Frameworks",
					"$(inherited)",
				);
				INFOPLIST_FILE = MarcoPolloTests/Info.plist;
				LD_RUNPATH_SEARCH_PATHS = "$(inherited) @executable_path/Frameworks @loader_path/Frameworks";
				PRODUCT_NAME = "$(TARGET_NAME)";
				TEST_HOST = "$(BUILT_PRODUCTS_DIR)/MarcoPollo.app/MarcoPollo";
			};
			name = Release;
		};
/* End XCBuildConfiguration section */

/* Begin XCConfigurationList section */
		3CE2293D1A43ADA0008E08C1 /* Build configuration list for PBXProject "MarcoPollo" */ = {
			isa = XCConfigurationList;
			buildConfigurations = (
				3CE229631A43ADA0008E08C1 /* Debug */,
				3CE229641A43ADA0008E08C1 /* Release */,
			);
			defaultConfigurationIsVisible = 0;
			defaultConfigurationName = Release;
		};
		3CE229651A43ADA0008E08C1 /* Build configuration list for PBXNativeTarget "MarcoPollo" */ = {
			isa = XCConfigurationList;
			buildConfigurations = (
				3CE229661A43ADA0008E08C1 /* Debug */,
				3CE229671A43ADA0008E08C1 /* Release */,
			);
			defaultConfigurationIsVisible = 0;
		};
		3CE229681A43ADA0008E08C1 /* Build configuration list for PBXNativeTarget "MarcoPolloTests" */ = {
			isa = XCConfigurationList;
			buildConfigurations = (
				3CE229691A43ADA0008E08C1 /* Debug */,
				3CE2296A1A43ADA0008E08C1 /* Release */,
			);
			defaultConfigurationIsVisible = 0;
		};
/* End XCConfigurationList section */
	};
	rootObject = 3CE2293A1A43ADA0008E08C1 /* Project object */;
}
